// !$*UTF8*$!
{
	archiveVersion = 1;
	classes = {
	};
	objectVersion = 46;
	objects = {

/* Begin PBXBuildFile section */
		486740351C4D7F2100BACAF3 /* AppDelegate.swift in Sources */ = {isa = PBXBuildFile; fileRef = 486740341C4D7F2100BACAF3 /* AppDelegate.swift */; };
		486740371C4D7F2100BACAF3 /* ViewController.swift in Sources */ = {isa = PBXBuildFile; fileRef = 486740361C4D7F2100BACAF3 /* ViewController.swift */; };
		4867403A1C4D7F2100BACAF3 /* Main.storyboard in Resources */ = {isa = PBXBuildFile; fileRef = 486740381C4D7F2100BACAF3 /* Main.storyboard */; };
		4867403C1C4D7F2100BACAF3 /* Assets.xcassets in Resources */ = {isa = PBXBuildFile; fileRef = 4867403B1C4D7F2100BACAF3 /* Assets.xcassets */; };
		4867403F1C4D7F2100BACAF3 /* LaunchScreen.storyboard in Resources */ = {isa = PBXBuildFile; fileRef = 4867403D1C4D7F2100BACAF3 /* LaunchScreen.storyboard */; };
		489EE77D1C4D8451009E6ED7 /* NumberViewController.swift in Sources */ = {isa = PBXBuildFile; fileRef = 489EE77C1C4D8451009E6ED7 /* NumberViewController.swift */; };
		489EE7821C4EBFD3009E6ED7 /* ZoomTransitionAnimator.swift in Sources */ = {isa = PBXBuildFile; fileRef = 489EE7811C4EBFD3009E6ED7 /* ZoomTransitionAnimator.swift */; };
/* End PBXBuildFile section */

/* Begin PBXFileReference section */
		486740311C4D7F2100BACAF3 /* View Polish.app */ = {isa = PBXFileReference; explicitFileType = wrapper.application; includeInIndex = 0; path = "View Polish.app"; sourceTree = BUILT_PRODUCTS_DIR; };
		486740341C4D7F2100BACAF3 /* AppDelegate.swift */ = {isa = PBXFileReference; lastKnownFileType = sourcecode.swift; path = AppDelegate.swift; sourceTree = "<group>"; };
		486740361C4D7F2100BACAF3 /* ViewController.swift */ = {isa = PBXFileReference; lastKnownFileType = sourcecode.swift; path = ViewController.swift; sourceTree = "<group>"; };
		486740391C4D7F2100BACAF3 /* Base */ = {isa = PBXFileReference; lastKnownFileType = file.storyboard; name = Base; path = Base.lproj/Main.storyboard; sourceTree = "<group>"; };
		4867403B1C4D7F2100BACAF3 /* Assets.xcassets */ = {isa = PBXFileReference; lastKnownFileType = folder.assetcatalog; path = Assets.xcassets; sourceTree = "<group>"; };
		4867403E1C4D7F2100BACAF3 /* Base */ = {isa = PBXFileReference; lastKnownFileType = file.storyboard; name = Base; path = Base.lproj/LaunchScreen.storyboard; sourceTree = "<group>"; };
		486740401C4D7F2100BACAF3 /* Info.plist */ = {isa = PBXFileReference; lastKnownFileType = text.plist.xml; path = Info.plist; sourceTree = "<group>"; };
		489EE77C1C4D8451009E6ED7 /* NumberViewController.swift */ = {isa = PBXFileReference; fileEncoding = 4; lastKnownFileType = sourcecode.swift; path = NumberViewController.swift; sourceTree = "<group>"; };
		489EE7811C4EBFD3009E6ED7 /* ZoomTransitionAnimator.swift */ = {isa = PBXFileReference; fileEncoding = 4; lastKnownFileType = sourcecode.swift; name = ZoomTransitionAnimator.swift; path = Transition/ZoomTransitionAnimator.swift; sourceTree = "<group>"; };
/* End PBXFileReference section */

/* Begin PBXFrameworksBuildPhase section */
		4867402E1C4D7F2100BACAF3 /* Frameworks */ = {
			isa = PBXFrameworksBuildPhase;
			buildActionMask = 2147483647;
			files = (
			);
			runOnlyForDeploymentPostprocessing = 0;
		};
/* End PBXFrameworksBuildPhase section */

/* Begin PBXGroup section */
		486740281C4D7F2100BACAF3 = {
			isa = PBXGroup;
			children = (
				486740331C4D7F2100BACAF3 /* View Polish */,
				486740321C4D7F2100BACAF3 /* Products */,
			);
			sourceTree = "<group>";
		};
		486740321C4D7F2100BACAF3 /* Products */ = {
			isa = PBXGroup;
			children = (
				486740311C4D7F2100BACAF3 /* View Polish.app */,
			);
			name = Products;
			sourceTree = "<group>";
		};
		486740331C4D7F2100BACAF3 /* View Polish */ = {
			isa = PBXGroup;
			children = (
				489EE77E1C4D8913009E6ED7 /* Transition */,
				486740341C4D7F2100BACAF3 /* AppDelegate.swift */,
				486740361C4D7F2100BACAF3 /* ViewController.swift */,
				489EE77C1C4D8451009E6ED7 /* NumberViewController.swift */,
				486740381C4D7F2100BACAF3 /* Main.storyboard */,
				4867403B1C4D7F2100BACAF3 /* Assets.xcassets */,
				4867403D1C4D7F2100BACAF3 /* LaunchScreen.storyboard */,
				486740401C4D7F2100BACAF3 /* Info.plist */,
			);
			path = "View Polish";
			sourceTree = "<group>";
		};
		489EE77E1C4D8913009E6ED7 /* Transition */ = {
			isa = PBXGroup;
			children = (
				489EE7811C4EBFD3009E6ED7 /* ZoomTransitionAnimator.swift */,
			);
			name = Transition;
			sourceTree = "<group>";
		};
/* End PBXGroup section */

/* Begin PBXNativeTarget section */
		486740301C4D7F2100BACAF3 /* View Polish */ = {
			isa = PBXNativeTarget;
			buildConfigurationList = 486740431C4D7F2100BACAF3 /* Build configuration list for PBXNativeTarget "View Polish" */;
			buildPhases = (
				4867402D1C4D7F2100BACAF3 /* Sources */,
				4867402E1C4D7F2100BACAF3 /* Frameworks */,
				4867402F1C4D7F2100BACAF3 /* Resources */,
			);
			buildRules = (
			);
			dependencies = (
			);
			name = "View Polish";
			productName = "View Polish";
			productReference = 486740311C4D7F2100BACAF3 /* View Polish.app */;
			productType = "com.apple.product-type.application";
		};
/* End PBXNativeTarget section */

/* Begin PBXProject section */
		486740291C4D7F2100BACAF3 /* Project object */ = {
			isa = PBXProject;
			attributes = {
				LastSwiftUpdateCheck = 0720;
				LastUpgradeCheck = 0720;
				ORGANIZATIONNAME = "Darjeeling Apps";
				TargetAttributes = {
					486740301C4D7F2100BACAF3 = {
						CreatedOnToolsVersion = 7.2;
						LastSwiftMigration = 0810;
					};
				};
			};
			buildConfigurationList = 4867402C1C4D7F2100BACAF3 /* Build configuration list for PBXProject "View Polish" */;
			compatibilityVersion = "Xcode 3.2";
			developmentRegion = English;
			hasScannedForEncodings = 0;
			knownRegions = (
				en,
				Base,
			);
			mainGroup = 486740281C4D7F2100BACAF3;
			productRefGroup = 486740321C4D7F2100BACAF3 /* Products */;
			projectDirPath = "";
			projectRoot = "";
			targets = (
				486740301C4D7F2100BACAF3 /* View Polish */,
			);
		};
/* End PBXProject section */

/* Begin PBXResourcesBuildPhase section */
		4867402F1C4D7F2100BACAF3 /* Resources */ = {
			isa = PBXResourcesBuildPhase;
			buildActionMask = 2147483647;
			files = (
				4867403F1C4D7F2100BACAF3 /* LaunchScreen.storyboard in Resources */,
				4867403C1C4D7F2100BACAF3 /* Assets.xcassets in Resources */,
				4867403A1C4D7F2100BACAF3 /* Main.storyboard in Resources */,
			);
			runOnlyForDeploymentPostprocessing = 0;
		};
/* End PBXResourcesBuildPhase section */

/* Begin PBXSourcesBuildPhase section */
		4867402D1C4D7F2100BACAF3 /* Sources */ = {
			isa = PBXSourcesBuildPhase;
			buildActionMask = 2147483647;
			files = (
				489EE77D1C4D8451009E6ED7 /* NumberViewController.swift in Sources */,
				486740371C4D7F2100BACAF3 /* ViewController.swift in Sources */,
				486740351C4D7F2100BACAF3 /* AppDelegate.swift in Sources */,
				489EE7821C4EBFD3009E6ED7 /* ZoomTransitionAnimator.swift in Sources */,
			);
			runOnlyForDeploymentPostprocessing = 0;
		};
/* End PBXSourcesBuildPhase section */

/* Begin PBXVariantGroup section */
		486740381C4D7F2100BACAF3 /* Main.storyboard */ = {
			isa = PBXVariantGroup;
			children = (
				486740391C4D7F2100BACAF3 /* Base */,
			);
			name = Main.storyboard;
			sourceTree = "<group>";
		};
		4867403D1C4D7F2100BACAF3 /* LaunchScreen.storyboard */ = {
			isa = PBXVariantGroup;
			children = (
				4867403E1C4D7F2100BACAF3 /* Base */,
			);
			name = LaunchScreen.storyboard;
			sourceTree = "<group>";
		};
/* End PBXVariantGroup section */

/* Begin XCBuildConfiguration section */
		486740411C4D7F2100BACAF3 /* Debug */ = {
			isa = XCBuildConfiguration;
			buildSettings = {
				ALWAYS_SEARCH_USER_PATHS = NO;
				CLANG_CXX_LANGUAGE_STANDARD = "gnu++0x";
				CLANG_CXX_LIBRARY = "libc++";
				CLANG_ENABLE_MODULES = YES;
				CLANG_ENABLE_OBJC_ARC = YES;
				CLANG_WARN_BOOL_CONVERSION = YES;
				CLANG_WARN_CONSTANT_CONVERSION = YES;
				CLANG_WARN_DIRECT_OBJC_ISA_USAGE = YES_ERROR;
				CLANG_WARN_EMPTY_BODY = YES;
				CLANG_WARN_ENUM_CONVERSION = YES;
				CLANG_WARN_INT_CONVERSION = YES;
				CLANG_WARN_OBJC_ROOT_CLASS = YES_ERROR;
				CLANG_WARN_UNREACHABLE_CODE = YES;
				CLANG_WARN__DUPLICATE_METHOD_MATCH = YES;
				"CODE_SIGN_IDENTITY[sdk=iphoneos*]" = "iPhone Developer";
				COPY_PHASE_STRIP = NO;
				DEBUG_INFORMATION_FORMAT = dwarf;
				ENABLE_STRICT_OBJC_MSGSEND = YES;
				ENABLE_TESTABILITY = YES;
				GCC_C_LANGUAGE_STANDARD = gnu99;
				GCC_DYNAMIC_NO_PIC = NO;
				GCC_NO_COMMON_BLOCKS = YES;
				GCC_OPTIMIZATION_LEVEL = 0;
				GCC_PREPROCESSOR_DEFINITIONS = (
					"DEBUG=1",
					"$(inherited)",
				);
				GCC_WARN_64_TO_32_BIT_CONVERSION = YES;
				GCC_WARN_ABOUT_RETURN_TYPE = YES_ERROR;
				GCC_WARN_UNDECLARED_SELECTOR = YES;
				GCC_WARN_UNINITIALIZED_AUTOS = YES_AGGRESSIVE;
				GCC_WARN_UNUSED_FUNCTION = YES;
				GCC_WARN_UNUSED_VARIABLE = YES;
				IPHONEOS_DEPLOYMENT_TARGET = 9.2;
				MTL_ENABLE_DEBUG_INFO = YES;
				ONLY_ACTIVE_ARCH = YES;
				SDKROOT = iphoneos;
				SWIFT_OPTIMIZATION_LEVEL = "-Onone";
				TARGETED_DEVICE_FAMILY = "1,2";
			};
			name = Debug;
		};
		486740421C4D7F2100BACAF3 /* Release */ = {
			isa = XCBuildConfiguration;
			buildSettings = {
				ALWAYS_SEARCH_USER_PATHS = NO;
				CLANG_CXX_LANGUAGE_STANDARD = "gnu++0x";
				CLANG_CXX_LIBRARY = "libc++";
				CLANG_ENABLE_MODULES = YES;
				CLANG_ENABLE_OBJC_ARC = YES;
				CLANG_WARN_BOOL_CONVERSION = YES;
				CLANG_WARN_CONSTANT_CONVERSION = YES;
				CLANG_WARN_DIRECT_OBJC_ISA_USAGE = YES_ERROR;
				CLANG_WARN_EMPTY_BODY = YES;
				CLANG_WARN_ENUM_CONVERSION = YES;
				CLANG_WARN_INT_CONVERSION = YES;
				CLANG_WARN_OBJC_ROOT_CLASS = YES_ERROR;
				CLANG_WARN_UNREACHABLE_CODE = YES;
				CLANG_WARN__DUPLICATE_METHOD_MATCH = YES;
				"CODE_SIGN_IDENTITY[sdk=iphoneos*]" = "iPhone Developer";
				COPY_PHASE_STRIP = NO;
				DEBUG_INFORMATION_FORMAT = "dwarf-with-dsym";
				ENABLE_NS_ASSERTIONS = NO;
				ENABLE_STRICT_OBJC_MSGSEND = YES;
				GCC_C_LANGUAGE_STANDARD = gnu99;
				GCC_NO_COMMON_BLOCKS = YES;
				GCC_WARN_64_TO_32_BIT_CONVERSION = YES;
				GCC_WARN_ABOUT_RETURN_TYPE = YES_ERROR;
				GCC_WARN_UNDECLARED_SELECTOR = YES;
				GCC_WARN_UNINITIALIZED_AUTOS = YES_AGGRESSIVE;
				GCC_WARN_UNUSED_FUNCTION = YES;
				GCC_WARN_UNUSED_VARIABLE = YES;
				IPHONEOS_DEPLOYMENT_TARGET = 9.2;
				MTL_ENABLE_DEBUG_INFO = NO;
				SDKROOT = iphoneos;
				TARGETED_DEVICE_FAMILY = "1,2";
				VALIDATE_PRODUCT = YES;
			};
			name = Release;
		};
		486740441C4D7F2100BACAF3 /* Debug */ = {
			isa = XCBuildConfiguration;
			buildSettings = {
				ASSETCATALOG_COMPILER_APPICON_NAME = AppIcon;
				INFOPLIST_FILE = "View Polish/Info.plist";
				LD_RUNPATH_SEARCH_PATHS = "$(inherited) @executable_path/Frameworks";
				PRODUCT_BUNDLE_IDENTIFIER = "com.darjeeling.View-Polish";
				PRODUCT_NAME = "$(TARGET_NAME)";
				SWIFT_VERSION = 3.0;
			};
			name = Debug;
		};
		486740451C4D7F2100BACAF3 /* Release */ = {
			isa = XCBuildConfiguration;
			buildSettings = {
				ASSETCATALOG_COMPILER_APPICON_NAME = AppIcon;
				INFOPLIST_FILE = "View Polish/Info.plist";
				LD_RUNPATH_SEARCH_PATHS = "$(inherited) @executable_path/Frameworks";
				PRODUCT_BUNDLE_IDENTIFIER = "com.darjeeling.View-Polish";
				PRODUCT_NAME = "$(TARGET_NAME)";
				SWIFT_VERSION = 3.0;
			};
			name = Release;
		};
/* End XCBuildConfiguration section */

/* Begin XCConfigurationList section */
		4867402C1C4D7F2100BACAF3 /* Build configuration list for PBXProject "View Polish" */ = {
			isa = XCConfigurationList;
			buildConfigurations = (
				486740411C4D7F2100BACAF3 /* Debug */,
				486740421C4D7F2100BACAF3 /* Release */,
			);
			defaultConfigurationIsVisible = 0;
			defaultConfigurationName = Release;
		};
		486740431C4D7F2100BACAF3 /* Build configuration list for PBXNativeTarget "View Polish" */ = {
			isa = XCConfigurationList;
			buildConfigurations = (
				486740441C4D7F2100BACAF3 /* Debug */,
				486740451C4D7F2100BACAF3 /* Release */,
			);
			defaultConfigurationIsVisible = 0;
			defaultConfigurationName = Release;
		};
/* End XCConfigurationList section */
	};
	rootObject = 486740291C4D7F2100BACAF3 /* Project object */;
}
